
Microsoft Visual Studio Solution File, Format Version 12.00
# Visual Studio Version 17
VisualStudioVersion = 17.5.002.0
MinimumVisualStudioVersion = 10.0.40219.1
Project("{9A19103F-16F7-4668-BE54-9A1E7A4F7556}") = "MarketoTest2", "MarketoTest2\MarketoTest2.csproj", "{0503563F-85B7-4C65-8A8A-865366B2D6D8}"
EndProject
Project("{9A19103F-16F7-4668-BE54-9A1E7A4F7556}") = "MyAspNetApp", "MyAspNetApp\MyAspNetApp.csproj", "{4D32B66A-006B-40EE-B67A-FC4B4D0B3675}"
EndProject
Global
	GlobalSection(SolutionConfigurationPlatforms) = preSolution
		Debug|Any CPU = Debug|Any CPU
		Release|Any CPU = Release|Any CPU
	EndGlobalSection
	GlobalSection(ProjectConfigurationPlatforms) = postSolution
		{0503563F-85B7-4C65-8A8A-865366B2D6D8}.Debug|Any CPU.ActiveCfg = Debug|Any CPU
		{0503563F-85B7-4C65-8A8A-865366B2D6D8}.Debug|Any CPU.Build.0 = Debug|Any CPU
		{0503563F-85B7-4C65-8A8A-865366B2D6D8}.Release|Any CPU.ActiveCfg = Release|Any CPU
		{0503563F-85B7-4C65-8A8A-865366B2D6D8}.Release|Any CPU.Build.0 = Release|Any CPU
		{4D32B66A-006B-40EE-B67A-FC4B4D0B3675}.Debug|Any CPU.ActiveCfg = Debug|Any CPU
		{4D32B66A-006B-40EE-B67A-FC4B4D0B3675}.Debug|Any CPU.Build.0 = Debug|Any CPU
		{4D32B66A-006B-40EE-B67A-FC4B4D0B3675}.Release|Any CPU.ActiveCfg = Release|Any CPU
		{4D32B66A-006B-40EE-B67A-FC4B4D0B3675}.Release|Any CPU.Build.0 = Release|Any CPU
	EndGlobalSection
	GlobalSection(SolutionProperties) = preSolution
		HideSolutionNode = FALSE
	EndGlobalSection
	GlobalSection(ExtensibilityGlobals) = postSolution
		SolutionGuid = {277BA245-D23C-4CCA-B0D9-4C07021B5E07}
	EndGlobalSection
EndGlobal
